{
  "name": "url-shortener",
  "lockfileVersion": 2,
  "requires": true,
  "packages": {
    "": {
      "dependencies": {
        "mix": "^0.0.1"
      }
    },
    "node_modules/mix": {
      "version": "0.0.1",
      "resolved": "https://registry.npmjs.org/mix/-/mix-0.0.1.tgz",
      "integrity": "sha512-UjrM/1eRWwyzNi1FuefzNzod7gR2q2cgqRS02iNCwE+zDojQ80eO7cz7an0+pcLJRG2RSbjmafk8wNIOluW6qQ==",
      "engines": {
        "node": "*"
      }
    }
  },
  "dependencies": {
    "mix": {
      "version": "0.0.1",
      "resolved": "https://registry.npmjs.org/mix/-/mix-0.0.1.tgz",
      "integrity": "sha512-UjrM/1eRWwyzNi1FuefzNzod7gR2q2cgqRS02iNCwE+zDojQ80eO7cz7an0+pcLJRG2RSbjmafk8wNIOluW6qQ=="
    }
  }
}
